// !$*UTF8*$!
{
	archiveVersion = 1;
	classes = {
	};
	objectVersion = 55;
	objects = {

/* Begin PBXBuildFile section */
		D326FAC728368AB200CF8B63 /* AnimeModal.swift in Sources */ = {isa = PBXBuildFile; fileRef = D326FAC628368AB200CF8B63 /* AnimeModal.swift */; };
		D326FACD28368E7300CF8B63 /* MangGaViewController.swift in Sources */ = {isa = PBXBuildFile; fileRef = D326FACC28368E7300CF8B63 /* MangGaViewController.swift */; };
		D38B6321282E270F005FD423 /* MainViewController.swift in Sources */ = {isa = PBXBuildFile; fileRef = D38B6320282E270F005FD423 /* MainViewController.swift */; };
		D38B6323282E2FC8005FD423 /* AnimeTrendingTableViewCell.swift in Sources */ = {isa = PBXBuildFile; fileRef = D38B6322282E2FC8005FD423 /* AnimeTrendingTableViewCell.swift */; };
		D38B6326282E3B19005FD423 /* Nuke in Frameworks */ = {isa = PBXBuildFile; productRef = D38B6325282E3B19005FD423 /* Nuke */; };
		D396710F283BCB02007248C6 /* DetailViewController.swift in Sources */ = {isa = PBXBuildFile; fileRef = D396710E283BCB02007248C6 /* DetailViewController.swift */; };
		D3BBC5F728294AC300E9F758 /* AppDelegate.swift in Sources */ = {isa = PBXBuildFile; fileRef = D3BBC5F628294AC300E9F758 /* AppDelegate.swift */; };
		D3BBC5F928294AC300E9F758 /* SceneDelegate.swift in Sources */ = {isa = PBXBuildFile; fileRef = D3BBC5F828294AC300E9F758 /* SceneDelegate.swift */; };
		D3BBC5FE28294AC300E9F758 /* Main.storyboard in Resources */ = {isa = PBXBuildFile; fileRef = D3BBC5FC28294AC300E9F758 /* Main.storyboard */; };
		D3BBC60028294AC400E9F758 /* Assets.xcassets in Resources */ = {isa = PBXBuildFile; fileRef = D3BBC5FF28294AC400E9F758 /* Assets.xcassets */; };
		D3BBC60328294AC400E9F758 /* LaunchScreen.storyboard in Resources */ = {isa = PBXBuildFile; fileRef = D3BBC60128294AC400E9F758 /* LaunchScreen.storyboard */; };
		D3BBC60D2829514400E9F758 /* SplashViewController.swift in Sources */ = {isa = PBXBuildFile; fileRef = D3BBC60C2829514400E9F758 /* SplashViewController.swift */; };
		D3BBC60F2829516A00E9F758 /* Splash.storyboard in Resources */ = {isa = PBXBuildFile; fileRef = D3BBC60E2829516A00E9F758 /* Splash.storyboard */; };
		D3D6F10F283286F300E6032E /* Alamofire in Frameworks */ = {isa = PBXBuildFile; productRef = D3D6F10E283286F300E6032E /* Alamofire */; };
/* End PBXBuildFile section */

/* Begin PBXFileReference section */
		D326FAC628368AB200CF8B63 /* AnimeModal.swift */ = {isa = PBXFileReference; lastKnownFileType = sourcecode.swift; path = AnimeModal.swift; sourceTree = "<group>"; };
		D326FACC28368E7300CF8B63 /* MangGaViewController.swift */ = {isa = PBXFileReference; lastKnownFileType = sourcecode.swift; path = MangGaViewController.swift; sourceTree = "<group>"; };
		D38B6320282E270F005FD423 /* MainViewController.swift */ = {isa = PBXFileReference; lastKnownFileType = sourcecode.swift; path = MainViewController.swift; sourceTree = "<group>"; };
		D38B6322282E2FC8005FD423 /* AnimeTrendingTableViewCell.swift */ = {isa = PBXFileReference; lastKnownFileType = sourcecode.swift; path = AnimeTrendingTableViewCell.swift; sourceTree = "<group>"; };
		D396710E283BCB02007248C6 /* DetailViewController.swift */ = {isa = PBXFileReference; lastKnownFileType = sourcecode.swift; path = DetailViewController.swift; sourceTree = "<group>"; };
		D3BBC5F328294AC300E9F758 /* anime.app */ = {isa = PBXFileReference; explicitFileType = wrapper.application; includeInIndex = 0; path = anime.app; sourceTree = BUILT_PRODUCTS_DIR; };
		D3BBC5F628294AC300E9F758 /* AppDelegate.swift */ = {isa = PBXFileReference; lastKnownFileType = sourcecode.swift; path = AppDelegate.swift; sourceTree = "<group>"; };
		D3BBC5F828294AC300E9F758 /* SceneDelegate.swift */ = {isa = PBXFileReference; lastKnownFileType = sourcecode.swift; path = SceneDelegate.swift; sourceTree = "<group>"; };
		D3BBC5FD28294AC300E9F758 /* Base */ = {isa = PBXFileReference; lastKnownFileType = file.storyboard; name = Base; path = Base.lproj/Main.storyboard; sourceTree = "<group>"; };
		D3BBC5FF28294AC400E9F758 /* Assets.xcassets */ = {isa = PBXFileReference; lastKnownFileType = folder.assetcatalog; path = Assets.xcassets; sourceTree = "<group>"; };
		D3BBC60228294AC400E9F758 /* Base */ = {isa = PBXFileReference; lastKnownFileType = file.storyboard; name = Base; path = Base.lproj/LaunchScreen.storyboard; sourceTree = "<group>"; };
		D3BBC60428294AC400E9F758 /* Info.plist */ = {isa = PBXFileReference; lastKnownFileType = text.plist.xml; path = Info.plist; sourceTree = "<group>"; };
		D3BBC60C2829514400E9F758 /* SplashViewController.swift */ = {isa = PBXFileReference; lastKnownFileType = sourcecode.swift; path = SplashViewController.swift; sourceTree = "<group>"; };
		D3BBC60E2829516A00E9F758 /* Splash.storyboard */ = {isa = PBXFileReference; lastKnownFileType = file.storyboard; path = Splash.storyboard; sourceTree = "<group>"; };
/* End PBXFileReference section */

/* Begin PBXFrameworksBuildPhase section */
		D3BBC5F028294AC300E9F758 /* Frameworks */ = {
			isa = PBXFrameworksBuildPhase;
			buildActionMask = 2147483647;
			files = (
				D38B6326282E3B19005FD423 /* Nuke in Frameworks */,
				D3D6F10F283286F300E6032E /* Alamofire in Frameworks */,
			);
			runOnlyForDeploymentPostprocessing = 0;
		};
/* End PBXFrameworksBuildPhase section */

/* Begin PBXGroup section */
		D326FACB28368E4900CF8B63 /* MangGa */ = {
			isa = PBXGroup;
			children = (
				D326FACC28368E7300CF8B63 /* MangGaViewController.swift */,
			);
			path = MangGa;
			sourceTree = "<group>";
		};
		D38B631F282E26F3005FD423 /* Main */ = {
			isa = PBXGroup;
			children = (
				D326FAC628368AB200CF8B63 /* AnimeModal.swift */,
				D38B6320282E270F005FD423 /* MainViewController.swift */,
				D3BBC5FC28294AC300E9F758 /* Main.storyboard */,
				D38B6322282E2FC8005FD423 /* AnimeTrendingTableViewCell.swift */,
				D396710E283BCB02007248C6 /* DetailViewController.swift */,
			);
			path = Main;
			sourceTree = "<group>";
		};
		D3BBC5EA28294AC300E9F758 = {
			isa = PBXGroup;
			children = (
				D3BBC5F528294AC300E9F758 /* anime */,
				D3BBC5F428294AC300E9F758 /* Products */,
			);
			sourceTree = "<group>";
		};
		D3BBC5F428294AC300E9F758 /* Products */ = {
			isa = PBXGroup;
			children = (
				D3BBC5F328294AC300E9F758 /* anime.app */,
			);
			name = Products;
			sourceTree = "<group>";
		};
		D3BBC5F528294AC300E9F758 /* anime */ = {
			isa = PBXGroup;
			children = (
				D326FACB28368E4900CF8B63 /* MangGa */,
				D38B631F282E26F3005FD423 /* Main */,
				D3BBC60B2829511400E9F758 /* Splash */,
				D3BBC5F628294AC300E9F758 /* AppDelegate.swift */,
				D3BBC5F828294AC300E9F758 /* SceneDelegate.swift */,
				D3BBC5FF28294AC400E9F758 /* Assets.xcassets */,
				D3BBC60128294AC400E9F758 /* LaunchScreen.storyboard */,
				D3BBC60428294AC400E9F758 /* Info.plist */,
			);
			path = anime;
			sourceTree = "<group>";
		};
		D3BBC60B2829511400E9F758 /* Splash */ = {
			isa = PBXGroup;
			children = (
				D3BBC60C2829514400E9F758 /* SplashViewController.swift */,
				D3BBC60E2829516A00E9F758 /* Splash.storyboard */,
			);
			path = Splash;
			sourceTree = "<group>";
		};
/* End PBXGroup section */

/* Begin PBXNativeTarget section */
		D3BBC5F228294AC300E9F758 /* anime */ = {
			isa = PBXNativeTarget;
			buildConfigurationList = D3BBC60728294AC400E9F758 /* Build configuration list for PBXNativeTarget "anime" */;
			buildPhases = (
				D3BBC5EF28294AC300E9F758 /* Sources */,
				D3BBC5F028294AC300E9F758 /* Frameworks */,
				D3BBC5F128294AC300E9F758 /* Resources */,
			);
			buildRules = (
			);
			dependencies = (
			);
			name = anime;
			packageProductDependencies = (
				D38B6325282E3B19005FD423 /* Nuke */,
				D3D6F10E283286F300E6032E /* Alamofire */,
			);
			productName = anime;
			productReference = D3BBC5F328294AC300E9F758 /* anime.app */;
			productType = "com.apple.product-type.application";
		};
/* End PBXNativeTarget section */

/* Begin PBXProject section */
		D3BBC5EB28294AC300E9F758 /* Project object */ = {
			isa = PBXProject;
			attributes = {
				BuildIndependentTargetsInParallel = 1;
				LastSwiftUpdateCheck = 1330;
				LastUpgradeCheck = 1330;
				TargetAttributes = {
					D3BBC5F228294AC300E9F758 = {
						CreatedOnToolsVersion = 13.3.1;
					};
				};
			};
			buildConfigurationList = D3BBC5EE28294AC300E9F758 /* Build configuration list for PBXProject "anime" */;
			compatibilityVersion = "Xcode 13.0";
			developmentRegion = en;
			hasScannedForEncodings = 0;
			knownRegions = (
				en,
				Base,
			);
			mainGroup = D3BBC5EA28294AC300E9F758;
			packageReferences = (
				D38B6324282E3B19005FD423 /* XCRemoteSwiftPackageReference "Nuke" */,
				D3D6F10D283286F300E6032E /* XCRemoteSwiftPackageReference "Alamofire" */,
			);
			productRefGroup = D3BBC5F428294AC300E9F758 /* Products */;
			projectDirPath = "";
			projectRoot = "";
			targets = (
				D3BBC5F228294AC300E9F758 /* anime */,
			);
		};
/* End PBXProject section */

/* Begin PBXResourcesBuildPhase section */
		D3BBC5F128294AC300E9F758 /* Resources */ = {
			isa = PBXResourcesBuildPhase;
			buildActionMask = 2147483647;
			files = (
				D3BBC60328294AC400E9F758 /* LaunchScreen.storyboard in Resources */,
				D3BBC60028294AC400E9F758 /* Assets.xcassets in Resources */,
				D3BBC5FE28294AC300E9F758 /* Main.storyboard in Resources */,
				D3BBC60F2829516A00E9F758 /* Splash.storyboard in Resources */,
			);
			runOnlyForDeploymentPostprocessing = 0;
		};
/* End PBXResourcesBuildPhase section */

/* Begin PBXSourcesBuildPhase section */
		D3BBC5EF28294AC300E9F758 /* Sources */ = {
			isa = PBXSourcesBuildPhase;
			buildActionMask = 2147483647;
			files = (
				D3BBC5F728294AC300E9F758 /* AppDelegate.swift in Sources */,
				D3BBC5F928294AC300E9F758 /* SceneDelegate.swift in Sources */,
				D38B6323282E2FC8005FD423 /* AnimeTrendingTableViewCell.swift in Sources */,
				D326FACD28368E7300CF8B63 /* MangGaViewController.swift in Sources */,
				D3BBC60D2829514400E9F758 /* SplashViewController.swift in Sources */,
				D326FAC728368AB200CF8B63 /* AnimeModal.swift in Sources */,
				D38B6321282E270F005FD423 /* MainViewController.swift in Sources */,
				D396710F283BCB02007248C6 /* DetailViewController.swift in Sources */,
			);
			runOnlyForDeploymentPostprocessing = 0;
		};
/* End PBXSourcesBuildPhase section */

/* Begin PBXVariantGroup section */
		D3BBC5FC28294AC300E9F758 /* Main.storyboard */ = {
			isa = PBXVariantGroup;
			children = (
				D3BBC5FD28294AC300E9F758 /* Base */,
			);
			name = Main.storyboard;
			sourceTree = "<group>";
		};
		D3BBC60128294AC400E9F758 /* LaunchScreen.storyboard */ = {
			isa = PBXVariantGroup;
			children = (
				D3BBC60228294AC400E9F758 /* Base */,
			);
			name = LaunchScreen.storyboard;
			sourceTree = "<group>";
		};
/* End PBXVariantGroup section */

/* Begin XCBuildConfiguration section */
		D3BBC60528294AC400E9F758 /* Debug */ = {
			isa = XCBuildConfiguration;
			buildSettings = {
				ALWAYS_SEARCH_USER_PATHS = NO;
				CLANG_ANALYZER_NONNULL = YES;
				CLANG_ANALYZER_NUMBER_OBJECT_CONVERSION = YES_AGGRESSIVE;
				CLANG_CXX_LANGUAGE_STANDARD = "gnu++17";
				CLANG_ENABLE_MODULES = YES;
				CLANG_ENABLE_OBJC_ARC = YES;
				CLANG_ENABLE_OBJC_WEAK = YES;
				CLANG_WARN_BLOCK_CAPTURE_AUTORELEASING = YES;
				CLANG_WARN_BOOL_CONVERSION = YES;
				CLANG_WARN_COMMA = YES;
				CLANG_WARN_CONSTANT_CONVERSION = YES;
				CLANG_WARN_DEPRECATED_OBJC_IMPLEMENTATIONS = YES;
				CLANG_WARN_DIRECT_OBJC_ISA_USAGE = YES_ERROR;
				CLANG_WARN_DOCUMENTATION_COMMENTS = YES;
				CLANG_WARN_EMPTY_BODY = YES;
				CLANG_WARN_ENUM_CONVERSION = YES;
				CLANG_WARN_INFINITE_RECURSION = YES;
				CLANG_WARN_INT_CONVERSION = YES;
				CLANG_WARN_NON_LITERAL_NULL_CONVERSION = YES;
				CLANG_WARN_OBJC_IMPLICIT_RETAIN_SELF = YES;
				CLANG_WARN_OBJC_LITERAL_CONVERSION = YES;
				CLANG_WARN_OBJC_ROOT_CLASS = YES_ERROR;
				CLANG_WARN_QUOTED_INCLUDE_IN_FRAMEWORK_HEADER = YES;
				CLANG_WARN_RANGE_LOOP_ANALYSIS = YES;
				CLANG_WARN_STRICT_PROTOTYPES = YES;
				CLANG_WARN_SUSPICIOUS_MOVE = YES;
				CLANG_WARN_UNGUARDED_AVAILABILITY = YES_AGGRESSIVE;
				CLANG_WARN_UNREACHABLE_CODE = YES;
				CLANG_WARN__DUPLICATE_METHOD_MATCH = YES;
				COPY_PHASE_STRIP = NO;
				DEBUG_INFORMATION_FORMAT = dwarf;
				ENABLE_STRICT_OBJC_MSGSEND = YES;
				ENABLE_TESTABILITY = YES;
				GCC_C_LANGUAGE_STANDARD = gnu11;
				GCC_DYNAMIC_NO_PIC = NO;
				GCC_NO_COMMON_BLOCKS = YES;
				GCC_OPTIMIZATION_LEVEL = 0;
				GCC_PREPROCESSOR_DEFINITIONS = (
					"DEBUG=1",
					"$(inherited)",
				);
				GCC_WARN_64_TO_32_BIT_CONVERSION = YES;
				GCC_WARN_ABOUT_RETURN_TYPE = YES_ERROR;
				GCC_WARN_UNDECLARED_SELECTOR = YES;
				GCC_WARN_UNINITIALIZED_AUTOS = YES_AGGRESSIVE;
				GCC_WARN_UNUSED_FUNCTION = YES;
				GCC_WARN_UNUSED_VARIABLE = YES;
				IPHONEOS_DEPLOYMENT_TARGET = 15.4;
				MTL_ENABLE_DEBUG_INFO = INCLUDE_SOURCE;
				MTL_FAST_MATH = YES;
				ONLY_ACTIVE_ARCH = YES;
				SDKROOT = iphoneos;
				SWIFT_ACTIVE_COMPILATION_CONDITIONS = DEBUG;
				SWIFT_OPTIMIZATION_LEVEL = "-Onone";
			};
			name = Debug;
		};
		D3BBC60628294AC400E9F758 /* Release */ = {
			isa = XCBuildConfiguration;
			buildSettings = {
				ALWAYS_SEARCH_USER_PATHS = NO;
				CLANG_ANALYZER_NONNULL = YES;
				CLANG_ANALYZER_NUMBER_OBJECT_CONVERSION = YES_AGGRESSIVE;
				CLANG_CXX_LANGUAGE_STANDARD = "gnu++17";
				CLANG_ENABLE_MODULES = YES;
				CLANG_ENABLE_OBJC_ARC = YES;
				CLANG_ENABLE_OBJC_WEAK = YES;
				CLANG_WARN_BLOCK_CAPTURE_AUTORELEASING = YES;
				CLANG_WARN_BOOL_CONVERSION = YES;
				CLANG_WARN_COMMA = YES;
				CLANG_WARN_CONSTANT_CONVERSION = YES;
				CLANG_WARN_DEPRECATED_OBJC_IMPLEMENTATIONS = YES;
				CLANG_WARN_DIRECT_OBJC_ISA_USAGE = YES_ERROR;
				CLANG_WARN_DOCUMENTATION_COMMENTS = YES;
				CLANG_WARN_EMPTY_BODY = YES;
				CLANG_WARN_ENUM_CONVERSION = YES;
				CLANG_WARN_INFINITE_RECURSION = YES;
				CLANG_WARN_INT_CONVERSION = YES;
				CLANG_WARN_NON_LITERAL_NULL_CONVERSION = YES;
				CLANG_WARN_OBJC_IMPLICIT_RETAIN_SELF = YES;
				CLANG_WARN_OBJC_LITERAL_CONVERSION = YES;
				CLANG_WARN_OBJC_ROOT_CLASS = YES_ERROR;
				CLANG_WARN_QUOTED_INCLUDE_IN_FRAMEWORK_HEADER = YES;
				CLANG_WARN_RANGE_LOOP_ANALYSIS = YES;
				CLANG_WARN_STRICT_PROTOTYPES = YES;
				CLANG_WARN_SUSPICIOUS_MOVE = YES;
				CLANG_WARN_UNGUARDED_AVAILABILITY = YES_AGGRESSIVE;
				CLANG_WARN_UNREACHABLE_CODE = YES;
				CLANG_WARN__DUPLICATE_METHOD_MATCH = YES;
				COPY_PHASE_STRIP = NO;
				DEBUG_INFORMATION_FORMAT = "dwarf-with-dsym";
				ENABLE_NS_ASSERTIONS = NO;
				ENABLE_STRICT_OBJC_MSGSEND = YES;
				GCC_C_LANGUAGE_STANDARD = gnu11;
				GCC_NO_COMMON_BLOCKS = YES;
				GCC_WARN_64_TO_32_BIT_CONVERSION = YES;
				GCC_WARN_ABOUT_RETURN_TYPE = YES_ERROR;
				GCC_WARN_UNDECLARED_SELECTOR = YES;
				GCC_WARN_UNINITIALIZED_AUTOS = YES_AGGRESSIVE;
				GCC_WARN_UNUSED_FUNCTION = YES;
				GCC_WARN_UNUSED_VARIABLE = YES;
				IPHONEOS_DEPLOYMENT_TARGET = 15.4;
				MTL_ENABLE_DEBUG_INFO = NO;
				MTL_FAST_MATH = YES;
				SDKROOT = iphoneos;
				SWIFT_COMPILATION_MODE = wholemodule;
				SWIFT_OPTIMIZATION_LEVEL = "-O";
				VALIDATE_PRODUCT = YES;
			};
			name = Release;
		};
		D3BBC60828294AC400E9F758 /* Debug */ = {
			isa = XCBuildConfiguration;
			buildSettings = {
				ASSETCATALOG_COMPILER_APPICON_NAME = AppIcon;
				ASSETCATALOG_COMPILER_GLOBAL_ACCENT_COLOR_NAME = AccentColor;
				CODE_SIGN_STYLE = Automatic;
				CURRENT_PROJECT_VERSION = 1;
				DEVELOPMENT_TEAM = KFG37AXT2Q;
				GENERATE_INFOPLIST_FILE = YES;
				INFOPLIST_FILE = anime/Info.plist;
				INFOPLIST_KEY_CFBundleDisplayName = "애니메이션 순위";
				INFOPLIST_KEY_UIApplicationSupportsIndirectInputEvents = YES;
				INFOPLIST_KEY_UILaunchStoryboardName = LaunchScreen;
				INFOPLIST_KEY_UIMainStoryboardFile = Splash;
				INFOPLIST_KEY_UISupportedInterfaceOrientations_iPad = "UIInterfaceOrientationPortrait UIInterfaceOrientationPortraitUpsideDown UIInterfaceOrientationLandscapeLeft UIInterfaceOrientationLandscapeRight";
				INFOPLIST_KEY_UISupportedInterfaceOrientations_iPhone = "UIInterfaceOrientationPortrait UIInterfaceOrientationLandscapeLeft UIInterfaceOrientationLandscapeRight";
				LD_RUNPATH_SEARCH_PATHS = (
					"$(inherited)",
					"@executable_path/Frameworks",
				);
				MARKETING_VERSION = 1.0;
				PRODUCT_BUNDLE_IDENTIFIER = kr.co.hyunsu.anime;
				PRODUCT_NAME = "$(TARGET_NAME)";
				SWIFT_EMIT_LOC_STRINGS = YES;
				SWIFT_VERSION = 5.0;
				TARGETED_DEVICE_FAMILY = "1,2";
			};
			name = Debug;
		};
		D3BBC60928294AC400E9F758 /* Release */ = {
			isa = XCBuildConfiguration;
			buildSettings = {
				ASSETCATALOG_COMPILER_APPICON_NAME = AppIcon;
				ASSETCATALOG_COMPILER_GLOBAL_ACCENT_COLOR_NAME = AccentColor;
				CODE_SIGN_STYLE = Automatic;
				CURRENT_PROJECT_VERSION = 1;
				DEVELOPMENT_TEAM = KFG37AXT2Q;
				GENERATE_INFOPLIST_FILE = YES;
				INFOPLIST_FILE = anime/Info.plist;
				INFOPLIST_KEY_CFBundleDisplayName = "애니메이션 순위";
				INFOPLIST_KEY_UIApplicationSupportsIndirectInputEvents = YES;
				INFOPLIST_KEY_UILaunchStoryboardName = LaunchScreen;
				INFOPLIST_KEY_UIMainStoryboardFile = Splash;
				INFOPLIST_KEY_UISupportedInterfaceOrientations_iPad = "UIInterfaceOrientationPortrait UIInterfaceOrientationPortraitUpsideDown UIInterfaceOrientationLandscapeLeft UIInterfaceOrientationLandscapeRight";
				INFOPLIST_KEY_UISupportedInterfaceOrientations_iPhone = "UIInterfaceOrientationPortrait UIInterfaceOrientationLandscapeLeft UIInterfaceOrientationLandscapeRight";
				LD_RUNPATH_SEARCH_PATHS = (
					"$(inherited)",
					"@executable_path/Frameworks",
				);
				MARKETING_VERSION = 1.0;
				PRODUCT_BUNDLE_IDENTIFIER = kr.co.hyunsu.anime;
				PRODUCT_NAME = "$(TARGET_NAME)";
				SWIFT_EMIT_LOC_STRINGS = YES;
				SWIFT_VERSION = 5.0;
				TARGETED_DEVICE_FAMILY = "1,2";
			};
			name = Release;
		};
/* End XCBuildConfiguration section */

/* Begin XCConfigurationList section */
		D3BBC5EE28294AC300E9F758 /* Build configuration list for PBXProject "anime" */ = {
			isa = XCConfigurationList;
			buildConfigurations = (
				D3BBC60528294AC400E9F758 /* Debug */,
				D3BBC60628294AC400E9F758 /* Release */,
			);
			defaultConfigurationIsVisible = 0;
			defaultConfigurationName = Release;
		};
		D3BBC60728294AC400E9F758 /* Build configuration list for PBXNativeTarget "anime" */ = {
			isa = XCConfigurationList;
			buildConfigurations = (
				D3BBC60828294AC400E9F758 /* Debug */,
				D3BBC60928294AC400E9F758 /* Release */,
			);
			defaultConfigurationIsVisible = 0;
			defaultConfigurationName = Release;
		};
/* End XCConfigurationList section */

/* Begin XCRemoteSwiftPackageReference section */
		D38B6324282E3B19005FD423 /* XCRemoteSwiftPackageReference "Nuke" */ = {
			isa = XCRemoteSwiftPackageReference;
			repositoryURL = "https://github.com/kean/Nuke.git";
			requirement = {
				kind = exactVersion;
				version = 9.6.1;
			};
		};
		D3D6F10D283286F300E6032E /* XCRemoteSwiftPackageReference "Alamofire" */ = {
			isa = XCRemoteSwiftPackageReference;
			repositoryURL = "https://github.com/Alamofire/Alamofire.git";
			requirement = {
				kind = exactVersion;
				version = 5.6.1;
			};
		};
/* End XCRemoteSwiftPackageReference section */

/* Begin XCSwiftPackageProductDependency section */
		D38B6325282E3B19005FD423 /* Nuke */ = {
			isa = XCSwiftPackageProductDependency;
			package = D38B6324282E3B19005FD423 /* XCRemoteSwiftPackageReference "Nuke" */;
			productName = Nuke;
		};
		D3D6F10E283286F300E6032E /* Alamofire */ = {
			isa = XCSwiftPackageProductDependency;
			package = D3D6F10D283286F300E6032E /* XCRemoteSwiftPackageReference "Alamofire" */;
			productName = Alamofire;
		};
/* End XCSwiftPackageProductDependency section */
	};
	rootObject = D3BBC5EB28294AC300E9F758 /* Project object */;
}
